---
lockfileVersion: 1
lockfileVendor: redhat
arches:
- arch: x86_64
  packages:
  - url: https://cdn-ubi.redhat.com/content/public/ubi/dist/ubi9/9/x86_64/appstream/os/Packages/p/perl-JSON-PP-4.06-4.el9.noarch.rpm
    repoid: ubi-9-for-x86_64-appstream-rpms
    size: 70596
    checksum: sha256:17f547d40976904eb59449f0cdec890e34632a28a083fc46157ac1c67e9e3494
    name: perl-JSON-PP
    evr: 1:4.06-4.el9
    sourcerpm: perl-JSON-PP-4.06-4.el9.src.rpm
  - url: https://cdn-ubi.redhat.com/content/public/ubi/dist/ubi9/9/x86_64/appstream/os/Packages/p/perl-Math-BigInt-1.9998.18-460.el9.noarch.rpm
    repoid: ubi-9-for-x86_64-appstream-rpms
    size: 198900
    checksum: sha256:b90555cc3da95e314e931de2348d7c89da7c16023fb9399cdfbbcf9f1aeade7d
    name: perl-Math-BigInt
    evr: 1:1.9998.18-460.el9
    sourcerpm: perl-Math-BigInt-1.9998.18-460.el9.src.rpm
  - url: https://cdn-ubi.redhat.com/content/public/ubi/dist/ubi9/9/x86_64/appstream/os/Packages/p/perl-Math-Complex-1.59-481.el9.noarch.rpm
    repoid: ubi-9-for-x86_64-appstream-rpms
    size: 48567
    checksum: sha256:f53531125d6df72f4b50be888b7c3352a4032a5207a7bad774a2658b46d4edad
    name: perl-Math-Complex
    evr: 1.59-481.el9
    sourcerpm: perl-5.32.1-481.el9.src.rpm
  source:
  - url: https://cdn-ubi.redhat.com/content/public/ubi/dist/ubi9/9/x86_64/appstream/source/SRPMS/Packages/p/perl-5.32.1-481.el9.src.rpm
    repoid: ubi-9-for-x86_64-appstream-source-rpms
    size: 12784744
    checksum: sha256:f1bf16242337d7910e8a00b94f047a5ae9fc648040321043857318d7ff7132be
    name: perl
    evr: 4:5.32.1-481.el9
  - url: https://cdn-ubi.redhat.com/content/public/ubi/dist/ubi9/9/x86_64/appstream/source/SRPMS/Packages/p/perl-JSON-PP-4.06-4.el9.src.rpm
    repoid: ubi-9-for-x86_64-appstream-source-rpms
    size: 66646
    checksum: sha256:25990b7a748140b948e4ad9a6aad236f7c82dc7a5c6eab6c2fb370de45d582d5
    name: perl-JSON-PP
    evr: 1:4.06-4.el9
  - url: https://cdn-ubi.redhat.com/content/public/ubi/dist/ubi9/9/x86_64/appstream/source/SRPMS/Packages/p/perl-Math-BigInt-1.9998.18-460.el9.src.rpm
    repoid: ubi-9-for-x86_64-appstream-source-rpms
    size: 3013100
    checksum: sha256:6dc7b0f22726602de1368de52d7f4eae6c5144971ba6bf9dd6fe17a293f8da6d
    name: perl-Math-BigInt
    evr: 1:1.9998.18-460.el9
  module_metadata: []
